
Microsoft Visual Studio Solution File, Format Version 12.00
# Visual Studio Version 17
VisualStudioVersion = 17.13.35913.81
MinimumVisualStudioVersion = 10.0.40219.1
Project("{FAE04EC0-301F-11D3-BF4B-00C04F79EFBC}") = "ImageRecognitionSurfAlgorithm", "ImageRecognitionSurfAlgorithm\ImageRecognitionSurfAlgorithm.csproj", "{6793C6FA-3C44-4E3E-852C-07319F98DC4D}"
EndProject
Project("{FAE04EC0-301F-11D3-BF4B-00C04F79EFBC}") = "ImageRecognitionSurfLib", "ImageRecognitionSurfLib\ImageRecognitionSurfLib.csproj", "{0EB5ACF6-BEFB-4696-8EEC-428F57819033}"
EndProject
Global
	GlobalSection(SolutionConfigurationPlatforms) = preSolution
		Debug|Any CPU = Debug|Any CPU
		Release|Any CPU = Release|Any CPU
	EndGlobalSection
	GlobalSection(ProjectConfigurationPlatforms) = postSolution
		{6793C6FA-3C44-4E3E-852C-07319F98DC4D}.Debug|Any CPU.ActiveCfg = Debug|Any CPU
		{6793C6FA-3C44-4E3E-852C-07319F98DC4D}.Debug|Any CPU.Build.0 = Debug|Any CPU
		{6793C6FA-3C44-4E3E-852C-07319F98DC4D}.Release|Any CPU.ActiveCfg = Release|Any CPU
		{6793C6FA-3C44-4E3E-852C-07319F98DC4D}.Release|Any CPU.Build.0 = Release|Any CPU
		{0EB5ACF6-BEFB-4696-8EEC-428F57819033}.Debug|Any CPU.ActiveCfg = Debug|Any CPU
		{0EB5ACF6-BEFB-4696-8EEC-428F57819033}.Debug|Any CPU.Build.0 = Debug|Any CPU
		{0EB5ACF6-BEFB-4696-8EEC-428F57819033}.Release|Any CPU.ActiveCfg = Release|Any CPU
		{0EB5ACF6-BEFB-4696-8EEC-428F57819033}.Release|Any CPU.Build.0 = Release|Any CPU
	EndGlobalSection
	GlobalSection(SolutionProperties) = preSolution
		HideSolutionNode = FALSE
	EndGlobalSection
	GlobalSection(ExtensibilityGlobals) = postSolution
		SolutionGuid = {2B7021CD-2872-4CA4-9B0C-F7226098D1EF}
	EndGlobalSection
EndGlobal
